// !$*UTF8*$!
{
	archiveVersion = 1;
	classes = {
	};
	objectVersion = 46;
	objects = {

/* Begin PBXBuildFile section */
		4BCC0AD91CE334BF002CE619 /* AppDelegate.swift in Sources */ = {isa = PBXBuildFile; fileRef = 4BCC0AD81CE334BF002CE619 /* AppDelegate.swift */; };
		4BCC0ADB1CE334BF002CE619 /* ViewController.swift in Sources */ = {isa = PBXBuildFile; fileRef = 4BCC0ADA1CE334BF002CE619 /* ViewController.swift */; };
		4BCC0ADE1CE334BF002CE619 /* Main.storyboard in Resources */ = {isa = PBXBuildFile; fileRef = 4BCC0ADC1CE334BF002CE619 /* Main.storyboard */; };
		4BCC0AE01CE334BF002CE619 /* Assets.xcassets in Resources */ = {isa = PBXBuildFile; fileRef = 4BCC0ADF1CE334BF002CE619 /* Assets.xcassets */; };
		4BCC0AE31CE334BF002CE619 /* LaunchScreen.storyboard in Resources */ = {isa = PBXBuildFile; fileRef = 4BCC0AE11CE334BF002CE619 /* LaunchScreen.storyboard */; };
/* End PBXBuildFile section */

/* Begin PBXFileReference section */
		4BCC0AD51CE334BF002CE619 /* testing.app */ = {isa = PBXFileReference; explicitFileType = wrapper.application; includeInIndex = 0; path = testing.app; sourceTree = BUILT_PRODUCTS_DIR; };
		4BCC0AD81CE334BF002CE619 /* AppDelegate.swift */ = {isa = PBXFileReference; lastKnownFileType = sourcecode.swift; path = AppDelegate.swift; sourceTree = "<group>"; };
		4BCC0ADA1CE334BF002CE619 /* ViewController.swift */ = {isa = PBXFileReference; lastKnownFileType = sourcecode.swift; path = ViewController.swift; sourceTree = "<group>"; };
		4BCC0ADD1CE334BF002CE619 /* Base */ = {isa = PBXFileReference; lastKnownFileType = file.storyboard; name = Base; path = Base.lproj/Main.storyboard; sourceTree = "<group>"; };
		4BCC0ADF1CE334BF002CE619 /* Assets.xcassets */ = {isa = PBXFileReference; lastKnownFileType = folder.assetcatalog; path = Assets.xcassets; sourceTree = "<group>"; };
		4BCC0AE21CE334BF002CE619 /* Base */ = {isa = PBXFileReference; lastKnownFileType = file.storyboard; name = Base; path = Base.lproj/LaunchScreen.storyboard; sourceTree = "<group>"; };
		4BCC0AE41CE334BF002CE619 /* Info.plist */ = {isa = PBXFileReference; lastKnownFileType = text.plist.xml; path = Info.plist; sourceTree = "<group>"; };
/* End PBXFileReference section */

/* Begin PBXFrameworksBuildPhase section */
		4BCC0AD21CE334BF002CE619 /* Frameworks */ = {
			isa = PBXFrameworksBuildPhase;
			buildActionMask = 2147483647;
			files = (
			);
			runOnlyForDeploymentPostprocessing = 0;
		};
/* End PBXFrameworksBuildPhase section */

/* Begin PBXGroup section */
		4BCC0ACC1CE334BF002CE619 = {
			isa = PBXGroup;
			children = (
				4BCC0AD71CE334BF002CE619 /* testing */,
				4BCC0AD61CE334BF002CE619 /* Products */,
			);
			sourceTree = "<group>";
		};
		4BCC0AD61CE334BF002CE619 /* Products */ = {
			isa = PBXGroup;
			children = (
				4BCC0AD51CE334BF002CE619 /* testing.app */,
			);
			name = Products;
			sourceTree = "<group>";
		};
		4BCC0AD71CE334BF002CE619 /* testing */ = {
			isa = PBXGroup;
			children = (
				4BCC0AD81CE334BF002CE619 /* AppDelegate.swift */,
				4BCC0ADA1CE334BF002CE619 /* ViewController.swift */,
				4BCC0ADC1CE334BF002CE619 /* Main.storyboard */,
				4BCC0ADF1CE334BF002CE619 /* Assets.xcassets */,
				4BCC0AE11CE334BF002CE619 /* LaunchScreen.storyboard */,
				4BCC0AE41CE334BF002CE619 /* Info.plist */,
			);
			path = testing;
			sourceTree = "<group>";
		};
/* End PBXGroup section */

/* Begin PBXNativeTarget section */
		4BCC0AD41CE334BF002CE619 /* testing */ = {
			isa = PBXNativeTarget;
			buildConfigurationList = 4BCC0AE71CE334BF002CE619 /* Build configuration list for PBXNativeTarget "testing" */;
			buildPhases = (
				4BCC0AD11CE334BF002CE619 /* Sources */,
				4BCC0AD21CE334BF002CE619 /* Frameworks */,
				4BCC0AD31CE334BF002CE619 /* Resources */,
			);
			buildRules = (
			);
			dependencies = (
			);
			name = testing;
			productName = testing;
			productReference = 4BCC0AD51CE334BF002CE619 /* testing.app */;
			productType = "com.apple.product-type.application";
		};
/* End PBXNativeTarget section */

/* Begin PBXProject section */
		4BCC0ACD1CE334BF002CE619 /* Project object */ = {
			isa = PBXProject;
			attributes = {
				LastSwiftUpdateCheck = 0730;
				LastUpgradeCheck = 0730;
				ORGANIZATIONNAME = "Software Incubator";
				TargetAttributes = {
					4BCC0AD41CE334BF002CE619 = {
						CreatedOnToolsVersion = 7.3.1;
					};
				};
			};
			buildConfigurationList = 4BCC0AD01CE334BF002CE619 /* Build configuration list for PBXProject "testing" */;
			compatibilityVersion = "Xcode 3.2";
			developmentRegion = English;
			hasScannedForEncodings = 0;
			knownRegions = (
				en,
				Base,
			);
			mainGroup = 4BCC0ACC1CE334BF002CE619;
			productRefGroup = 4BCC0AD61CE334BF002CE619 /* Products */;
			projectDirPath = "";
			projectRoot = "";
			targets = (
				4BCC0AD41CE334BF002CE619 /* testing */,
			);
		};
/* End PBXProject section */

/* Begin PBXResourcesBuildPhase section */
		4BCC0AD31CE334BF002CE619 /* Resources */ = {
			isa = PBXResourcesBuildPhase;
			buildActionMask = 2147483647;
			files = (
				4BCC0AE31CE334BF002CE619 /* LaunchScreen.storyboard in Resources */,
				4BCC0AE01CE334BF002CE619 /* Assets.xcassets in Resources */,
				4BCC0ADE1CE334BF002CE619 /* Main.storyboard in Resources */,
			);
			runOnlyForDeploymentPostprocessing = 0;
		};
/* End PBXResourcesBuildPhase section */

/* Begin PBXSourcesBuildPhase section */
		4BCC0AD11CE334BF002CE619 /* Sources */ = {
			isa = PBXSourcesBuildPhase;
			buildActionMask = 2147483647;
			files = (
				4BCC0ADB1CE334BF002CE619 /* ViewController.swift in Sources */,
				4BCC0AD91CE334BF002CE619 /* AppDelegate.swift in Sources */,
			);
			runOnlyForDeploymentPostprocessing = 0;
		};
/* End PBXSourcesBuildPhase section */

/* Begin PBXVariantGroup section */
		4BCC0ADC1CE334BF002CE619 /* Main.storyboard */ = {
			isa = PBXVariantGroup;
			children = (
				4BCC0ADD1CE334BF002CE619 /* Base */,
			);
			name = Main.storyboard;
			sourceTree = "<group>";
		};
		4BCC0AE11CE334BF002CE619 /* LaunchScreen.storyboard */ = {
			isa = PBXVariantGroup;
			children = (
				4BCC0AE21CE334BF002CE619 /* Base */,
			);
			name = LaunchScreen.storyboard;
			sourceTree = "<group>";
		};
/* End PBXVariantGroup section */

/* Begin XCBuildConfiguration section */
		4BCC0AE51CE334BF002CE619 /* Debug */ = {
			isa = XCBuildConfiguration;
			buildSettings = {
				ALWAYS_SEARCH_USER_PATHS = NO;
				CLANG_ANALYZER_NONNULL = YES;
				CLANG_CXX_LANGUAGE_STANDARD = "gnu++0x";
				CLANG_CXX_LIBRARY = "libc++";
				CLANG_ENABLE_MODULES = YES;
				CLANG_ENABLE_OBJC_ARC = YES;
				CLANG_WARN_BOOL_CONVERSION = YES;
				CLANG_WARN_CONSTANT_CONVERSION = YES;
				CLANG_WARN_DIRECT_OBJC_ISA_USAGE = YES_ERROR;
				CLANG_WARN_EMPTY_BODY = YES;
				CLANG_WARN_ENUM_CONVERSION = YES;
				CLANG_WARN_INT_CONVERSION = YES;
				CLANG_WARN_OBJC_ROOT_CLASS = YES_ERROR;
				CLANG_WARN_UNREACHABLE_CODE = YES;
				CLANG_WARN__DUPLICATE_METHOD_MATCH = YES;
				"CODE_SIGN_IDENTITY[sdk=iphoneos*]" = "iPhone Developer";
				COPY_PHASE_STRIP = NO;
				DEBUG_INFORMATION_FORMAT = dwarf;
				ENABLE_STRICT_OBJC_MSGSEND = YES;
				ENABLE_TESTABILITY = YES;
				GCC_C_LANGUAGE_STANDARD = gnu99;
				GCC_DYNAMIC_NO_PIC = NO;
				GCC_NO_COMMON_BLOCKS = YES;
				GCC_OPTIMIZATION_LEVEL = 0;
				GCC_PREPROCESSOR_DEFINITIONS = (
					"DEBUG=1",
					"$(inherited)",
				);
				GCC_WARN_64_TO_32_BIT_CONVERSION = YES;
				GCC_WARN_ABOUT_RETURN_TYPE = YES_ERROR;
				GCC_WARN_UNDECLARED_SELECTOR = YES;
				GCC_WARN_UNINITIALIZED_AUTOS = YES_AGGRESSIVE;
				GCC_WARN_UNUSED_FUNCTION = YES;
				GCC_WARN_UNUSED_VARIABLE = YES;
				IPHONEOS_DEPLOYMENT_TARGET = 9.3;
				MTL_ENABLE_DEBUG_INFO = YES;
				ONLY_ACTIVE_ARCH = YES;
				SDKROOT = iphoneos;
				SWIFT_OPTIMIZATION_LEVEL = "-Onone";
				TARGETED_DEVICE_FAMILY = "1,2";
			};
			name = Debug;
		};
		4BCC0AE61CE334BF002CE619 /* Release */ = {
			isa = XCBuildConfiguration;
			buildSettings = {
				ALWAYS_SEARCH_USER_PATHS = NO;
				CLANG_ANALYZER_NONNULL = YES;
				CLANG_CXX_LANGUAGE_STANDARD = "gnu++0x";
				CLANG_CXX_LIBRARY = "libc++";
				CLANG_ENABLE_MODULES = YES;
				CLANG_ENABLE_OBJC_ARC = YES;
				CLANG_WARN_BOOL_CONVERSION = YES;
				CLANG_WARN_CONSTANT_CONVERSION = YES;
				CLANG_WARN_DIRECT_OBJC_ISA_USAGE = YES_ERROR;
				CLANG_WARN_EMPTY_BODY = YES;
				CLANG_WARN_ENUM_CONVERSION = YES;
				CLANG_WARN_INT_CONVERSION = YES;
				CLANG_WARN_OBJC_ROOT_CLASS = YES_ERROR;
				CLANG_WARN_UNREACHABLE_CODE = YES;
				CLANG_WARN__DUPLICATE_METHOD_MATCH = YES;
				"CODE_SIGN_IDENTITY[sdk=iphoneos*]" = "iPhone Developer";
				COPY_PHASE_STRIP = NO;
				DEBUG_INFORMATION_FORMAT = "dwarf-with-dsym";
				ENABLE_NS_ASSERTIONS = NO;
				ENABLE_STRICT_OBJC_MSGSEND = YES;
				GCC_C_LANGUAGE_STANDARD = gnu99;
				GCC_NO_COMMON_BLOCKS = YES;
				GCC_WARN_64_TO_32_BIT_CONVERSION = YES;
				GCC_WARN_ABOUT_RETURN_TYPE = YES_ERROR;
				GCC_WARN_UNDECLARED_SELECTOR = YES;
				GCC_WARN_UNINITIALIZED_AUTOS = YES_AGGRESSIVE;
				GCC_WARN_UNUSED_FUNCTION = YES;
				GCC_WARN_UNUSED_VARIABLE = YES;
				IPHONEOS_DEPLOYMENT_TARGET = 9.3;
				MTL_ENABLE_DEBUG_INFO = NO;
				SDKROOT = iphoneos;
				TARGETED_DEVICE_FAMILY = "1,2";
				VALIDATE_PRODUCT = YES;
			};
			name = Release;
		};
		4BCC0AE81CE334BF002CE619 /* Debug */ = {
			isa = XCBuildConfiguration;
			buildSettings = {
				ASSETCATALOG_COMPILER_APPICON_NAME = AppIcon;
				INFOPLIST_FILE = testing/Info.plist;
				LD_RUNPATH_SEARCH_PATHS = "$(inherited) @executable_path/Frameworks";
				PRODUCT_BUNDLE_IDENTIFIER = in.silive.testing;
				PRODUCT_NAME = "$(TARGET_NAME)";
			};
			name = Debug;
		};
		4BCC0AE91CE334BF002CE619 /* Release */ = {
			isa = XCBuildConfiguration;
			buildSettings = {
				ASSETCATALOG_COMPILER_APPICON_NAME = AppIcon;
				INFOPLIST_FILE = testing/Info.plist;
				LD_RUNPATH_SEARCH_PATHS = "$(inherited) @executable_path/Frameworks";
				PRODUCT_BUNDLE_IDENTIFIER = in.silive.testing;
				PRODUCT_NAME = "$(TARGET_NAME)";
			};
			name = Release;
		};
/* End XCBuildConfiguration section */

/* Begin XCConfigurationList section */
		4BCC0AD01CE334BF002CE619 /* Build configuration list for PBXProject "testing" */ = {
			isa = XCConfigurationList;
			buildConfigurations = (
				4BCC0AE51CE334BF002CE619 /* Debug */,
				4BCC0AE61CE334BF002CE619 /* Release */,
			);
			defaultConfigurationIsVisible = 0;
			defaultConfigurationName = Release;
		};
		4BCC0AE71CE334BF002CE619 /* Build configuration list for PBXNativeTarget "testing" */ = {
			isa = XCConfigurationList;
			buildConfigurations = (
				4BCC0AE81CE334BF002CE619 /* Debug */,
				4BCC0AE91CE334BF002CE619 /* Release */,
			);
			defaultConfigurationIsVisible = 0;
		};
/* End XCConfigurationList section */
	};
	rootObject = 4BCC0ACD1CE334BF002CE619 /* Project object */;
}
